
Microsoft Visual Studio Solution File, Format Version 12.00
# Visual Studio 15
VisualStudioVersion = 15.0.28307.960
MinimumVisualStudioVersion = 10.0.40219.1
Project("{FAE04EC0-301F-11D3-BF4B-00C04F79EFBC}") = "TW.BusinessLayer", "TW.BusinessLayer\TW.BusinessLayer.csproj", "{B8FEB4F5-5E30-4D53-BF46-443F1FC37FF2}"
EndProject
Project("{FAE04EC0-301F-11D3-BF4B-00C04F79EFBC}") = "TW.DataLayer", "TW.DataLayer\TW.DataLayer.csproj", "{4490FFD2-37C4-4376-9130-C6E2FBEF4E2F}"
EndProject
Project("{FAE04EC0-301F-11D3-BF4B-00C04F79EFBC}") = "TW.Models", "TW.Models\TW.Models.csproj", "{2A8206A8-A649-4B4F-92B8-C08982111F12}"
EndProject
Project("{FAE04EC0-301F-11D3-BF4B-00C04F79EFBC}") = "TW.DataLayerSql", "TW.DataLayerSql\TW.DataLayerSql.csproj", "{B33E5DDF-4436-4E65-A4CC-E7C51E61417A}"
EndProject
Project("{FAE04EC0-301F-11D3-BF4B-00C04F79EFBC}") = "TW.Utility", "TW.Utility\TW.Utility.csproj", "{D0C34667-BBBE-43AF-8788-A394904981E2}"
EndProject
Project("{FAE04EC0-301F-11D3-BF4B-00C04F79EFBC}") = "TwWeb", "TwWeb\TwWeb.csproj", "{6381CC21-BAC1-4211-846C-CA47948D9443}"
EndProject
Project("{FAE04EC0-301F-11D3-BF4B-00C04F79EFBC}") = "TwAdmin", "TwAdmin\TwAdmin.csproj", "{99548721-458E-415C-8694-85AD2AE0BFE3}"
EndProject
Project("{2150E333-8FDC-42A3-9474-1A3956D46DE8}") = "TW.Core", "TW.Core", "{9352D528-1BAA-45B4-B25B-CB90D52A4B8C}"
EndProject
Project("{2150E333-8FDC-42A3-9474-1A3956D46DE8}") = "TW.Web", "TW.Web", "{B056911A-4E0D-4BB4-86A5-2B077EEF8246}"
EndProject
Global
	GlobalSection(SolutionConfigurationPlatforms) = preSolution
		Debug|Any CPU = Debug|Any CPU
		Release|Any CPU = Release|Any CPU
	EndGlobalSection
	GlobalSection(ProjectConfigurationPlatforms) = postSolution
		{B8FEB4F5-5E30-4D53-BF46-443F1FC37FF2}.Debug|Any CPU.ActiveCfg = Debug|Any CPU
		{B8FEB4F5-5E30-4D53-BF46-443F1FC37FF2}.Debug|Any CPU.Build.0 = Debug|Any CPU
		{B8FEB4F5-5E30-4D53-BF46-443F1FC37FF2}.Release|Any CPU.ActiveCfg = Release|Any CPU
		{B8FEB4F5-5E30-4D53-BF46-443F1FC37FF2}.Release|Any CPU.Build.0 = Release|Any CPU
		{4490FFD2-37C4-4376-9130-C6E2FBEF4E2F}.Debug|Any CPU.ActiveCfg = Debug|Any CPU
		{4490FFD2-37C4-4376-9130-C6E2FBEF4E2F}.Debug|Any CPU.Build.0 = Debug|Any CPU
		{4490FFD2-37C4-4376-9130-C6E2FBEF4E2F}.Release|Any CPU.ActiveCfg = Release|Any CPU
		{4490FFD2-37C4-4376-9130-C6E2FBEF4E2F}.Release|Any CPU.Build.0 = Release|Any CPU
		{2A8206A8-A649-4B4F-92B8-C08982111F12}.Debug|Any CPU.ActiveCfg = Debug|Any CPU
		{2A8206A8-A649-4B4F-92B8-C08982111F12}.Debug|Any CPU.Build.0 = Debug|Any CPU
		{2A8206A8-A649-4B4F-92B8-C08982111F12}.Release|Any CPU.ActiveCfg = Release|Any CPU
		{2A8206A8-A649-4B4F-92B8-C08982111F12}.Release|Any CPU.Build.0 = Release|Any CPU
		{B33E5DDF-4436-4E65-A4CC-E7C51E61417A}.Debug|Any CPU.ActiveCfg = Debug|Any CPU
		{B33E5DDF-4436-4E65-A4CC-E7C51E61417A}.Debug|Any CPU.Build.0 = Debug|Any CPU
		{B33E5DDF-4436-4E65-A4CC-E7C51E61417A}.Release|Any CPU.ActiveCfg = Release|Any CPU
		{B33E5DDF-4436-4E65-A4CC-E7C51E61417A}.Release|Any CPU.Build.0 = Release|Any CPU
		{D0C34667-BBBE-43AF-8788-A394904981E2}.Debug|Any CPU.ActiveCfg = Debug|Any CPU
		{D0C34667-BBBE-43AF-8788-A394904981E2}.Debug|Any CPU.Build.0 = Debug|Any CPU
		{D0C34667-BBBE-43AF-8788-A394904981E2}.Release|Any CPU.ActiveCfg = Release|Any CPU
		{D0C34667-BBBE-43AF-8788-A394904981E2}.Release|Any CPU.Build.0 = Release|Any CPU
		{6381CC21-BAC1-4211-846C-CA47948D9443}.Debug|Any CPU.ActiveCfg = Debug|Any CPU
		{6381CC21-BAC1-4211-846C-CA47948D9443}.Debug|Any CPU.Build.0 = Debug|Any CPU
		{6381CC21-BAC1-4211-846C-CA47948D9443}.Release|Any CPU.ActiveCfg = Release|Any CPU
		{6381CC21-BAC1-4211-846C-CA47948D9443}.Release|Any CPU.Build.0 = Release|Any CPU
		{99548721-458E-415C-8694-85AD2AE0BFE3}.Debug|Any CPU.ActiveCfg = Debug|Any CPU
		{99548721-458E-415C-8694-85AD2AE0BFE3}.Debug|Any CPU.Build.0 = Debug|Any CPU
		{99548721-458E-415C-8694-85AD2AE0BFE3}.Release|Any CPU.ActiveCfg = Release|Any CPU
		{99548721-458E-415C-8694-85AD2AE0BFE3}.Release|Any CPU.Build.0 = Release|Any CPU
	EndGlobalSection
	GlobalSection(SolutionProperties) = preSolution
		HideSolutionNode = FALSE
	EndGlobalSection
	GlobalSection(NestedProjects) = preSolution
		{B8FEB4F5-5E30-4D53-BF46-443F1FC37FF2} = {9352D528-1BAA-45B4-B25B-CB90D52A4B8C}
		{4490FFD2-37C4-4376-9130-C6E2FBEF4E2F} = {9352D528-1BAA-45B4-B25B-CB90D52A4B8C}
		{2A8206A8-A649-4B4F-92B8-C08982111F12} = {9352D528-1BAA-45B4-B25B-CB90D52A4B8C}
		{B33E5DDF-4436-4E65-A4CC-E7C51E61417A} = {9352D528-1BAA-45B4-B25B-CB90D52A4B8C}
		{D0C34667-BBBE-43AF-8788-A394904981E2} = {9352D528-1BAA-45B4-B25B-CB90D52A4B8C}
		{6381CC21-BAC1-4211-846C-CA47948D9443} = {B056911A-4E0D-4BB4-86A5-2B077EEF8246}
		{99548721-458E-415C-8694-85AD2AE0BFE3} = {B056911A-4E0D-4BB4-86A5-2B077EEF8246}
	EndGlobalSection
	GlobalSection(ExtensibilityGlobals) = postSolution
		SolutionGuid = {54AA1F57-7BA2-43BD-9469-43C8A15CFEBD}
	EndGlobalSection
EndGlobal
